// !$*UTF8*$!
{
	archiveVersion = 1;
	classes = {
	};
	objectVersion = 56;
	objects = {

/* Begin PBXBuildFile section */
		00B5F1F82C07A20400BA7D13 /* MealListResponse.swift in Sources */ = {isa = PBXBuildFile; fileRef = 00B5F1F72C07A20400BA7D13 /* MealListResponse.swift */; };
		00B5F1FC2C07A57200BA7D13 /* DetailView.swift in Sources */ = {isa = PBXBuildFile; fileRef = 00B5F1FB2C07A57200BA7D13 /* DetailView.swift */; };
		00B5F1FE2C07B13700BA7D13 /* ListView.swift in Sources */ = {isa = PBXBuildFile; fileRef = 00B5F1FD2C07B13700BA7D13 /* ListView.swift */; };
		00B955862C0793F900D108D7 /* fetch_ios_applicationApp.swift in Sources */ = {isa = PBXBuildFile; fileRef = 00B955852C0793F900D108D7 /* fetch_ios_applicationApp.swift */; };
		00B955882C0793F900D108D7 /* ContentView.swift in Sources */ = {isa = PBXBuildFile; fileRef = 00B955872C0793F900D108D7 /* ContentView.swift */; };
		00B9558A2C0793FB00D108D7 /* Assets.xcassets in Resources */ = {isa = PBXBuildFile; fileRef = 00B955892C0793FB00D108D7 /* Assets.xcassets */; };
		00B9558D2C0793FB00D108D7 /* Preview Assets.xcassets in Resources */ = {isa = PBXBuildFile; fileRef = 00B9558C2C0793FB00D108D7 /* Preview Assets.xcassets */; };
		00B955972C0793FB00D108D7 /* fetch_ios_applicationTests.swift in Sources */ = {isa = PBXBuildFile; fileRef = 00B955962C0793FB00D108D7 /* fetch_ios_applicationTests.swift */; };
		00B955A12C0793FB00D108D7 /* fetch_ios_applicationUITests.swift in Sources */ = {isa = PBXBuildFile; fileRef = 00B955A02C0793FB00D108D7 /* fetch_ios_applicationUITests.swift */; };
		00B955A32C0793FB00D108D7 /* fetch_ios_applicationUITestsLaunchTests.swift in Sources */ = {isa = PBXBuildFile; fileRef = 00B955A22C0793FB00D108D7 /* fetch_ios_applicationUITestsLaunchTests.swift */; };
		00B955B72C07970F00D108D7 /* Meal.swift in Sources */ = {isa = PBXBuildFile; fileRef = 00B955B62C07970F00D108D7 /* Meal.swift */; };
		00B955B92C07974E00D108D7 /* MealDBAPI.swift in Sources */ = {isa = PBXBuildFile; fileRef = 00B955B82C07974E00D108D7 /* MealDBAPI.swift */; };
/* End PBXBuildFile section */

/* Begin PBXContainerItemProxy section */
		00B955932C0793FB00D108D7 /* PBXContainerItemProxy */ = {
			isa = PBXContainerItemProxy;
			containerPortal = 00B9557A2C0793F900D108D7 /* Project object */;
			proxyType = 1;
			remoteGlobalIDString = 00B955812C0793F900D108D7;
			remoteInfo = "fetch-ios-application";
		};
		00B9559D2C0793FB00D108D7 /* PBXContainerItemProxy */ = {
			isa = PBXContainerItemProxy;
			containerPortal = 00B9557A2C0793F900D108D7 /* Project object */;
			proxyType = 1;
			remoteGlobalIDString = 00B955812C0793F900D108D7;
			remoteInfo = "fetch-ios-application";
		};
/* End PBXContainerItemProxy section */

/* Begin PBXFileReference section */
		00B5F1F72C07A20400BA7D13 /* MealListResponse.swift */ = {isa = PBXFileReference; lastKnownFileType = sourcecode.swift; path = MealListResponse.swift; sourceTree = "<group>"; };
		00B5F1FB2C07A57200BA7D13 /* DetailView.swift */ = {isa = PBXFileReference; lastKnownFileType = sourcecode.swift; path = DetailView.swift; sourceTree = "<group>"; };
		00B5F1FD2C07B13700BA7D13 /* ListView.swift */ = {isa = PBXFileReference; lastKnownFileType = sourcecode.swift; path = ListView.swift; sourceTree = "<group>"; };
		00B955822C0793F900D108D7 /* fetch-ios-application.app */ = {isa = PBXFileReference; explicitFileType = wrapper.application; includeInIndex = 0; path = "fetch-ios-application.app"; sourceTree = BUILT_PRODUCTS_DIR; };
		00B955852C0793F900D108D7 /* fetch_ios_applicationApp.swift */ = {isa = PBXFileReference; lastKnownFileType = sourcecode.swift; path = fetch_ios_applicationApp.swift; sourceTree = "<group>"; };
		00B955872C0793F900D108D7 /* ContentView.swift */ = {isa = PBXFileReference; lastKnownFileType = sourcecode.swift; path = ContentView.swift; sourceTree = "<group>"; };
		00B955892C0793FB00D108D7 /* Assets.xcassets */ = {isa = PBXFileReference; lastKnownFileType = folder.assetcatalog; path = Assets.xcassets; sourceTree = "<group>"; };
		00B9558C2C0793FB00D108D7 /* Preview Assets.xcassets */ = {isa = PBXFileReference; lastKnownFileType = folder.assetcatalog; path = "Preview Assets.xcassets"; sourceTree = "<group>"; };
		00B955922C0793FB00D108D7 /* fetch-ios-applicationTests.xctest */ = {isa = PBXFileReference; explicitFileType = wrapper.cfbundle; includeInIndex = 0; path = "fetch-ios-applicationTests.xctest"; sourceTree = BUILT_PRODUCTS_DIR; };
		00B955962C0793FB00D108D7 /* fetch_ios_applicationTests.swift */ = {isa = PBXFileReference; lastKnownFileType = sourcecode.swift; path = fetch_ios_applicationTests.swift; sourceTree = "<group>"; };
		00B9559C2C0793FB00D108D7 /* fetch-ios-applicationUITests.xctest */ = {isa = PBXFileReference; explicitFileType = wrapper.cfbundle; includeInIndex = 0; path = "fetch-ios-applicationUITests.xctest"; sourceTree = BUILT_PRODUCTS_DIR; };
		00B955A02C0793FB00D108D7 /* fetch_ios_applicationUITests.swift */ = {isa = PBXFileReference; lastKnownFileType = sourcecode.swift; path = fetch_ios_applicationUITests.swift; sourceTree = "<group>"; };
		00B955A22C0793FB00D108D7 /* fetch_ios_applicationUITestsLaunchTests.swift */ = {isa = PBXFileReference; lastKnownFileType = sourcecode.swift; path = fetch_ios_applicationUITestsLaunchTests.swift; sourceTree = "<group>"; };
		00B955B62C07970F00D108D7 /* Meal.swift */ = {isa = PBXFileReference; lastKnownFileType = sourcecode.swift; path = Meal.swift; sourceTree = "<group>"; };
		00B955B82C07974E00D108D7 /* MealDBAPI.swift */ = {isa = PBXFileReference; lastKnownFileType = sourcecode.swift; path = MealDBAPI.swift; sourceTree = "<group>"; };
/* End PBXFileReference section */

/* Begin PBXFrameworksBuildPhase section */
		00B9557F2C0793F900D108D7 /* Frameworks */ = {
			isa = PBXFrameworksBuildPhase;
			buildActionMask = 2147483647;
			files = (
			);
			runOnlyForDeploymentPostprocessing = 0;
		};
		00B9558F2C0793FB00D108D7 /* Frameworks */ = {
			isa = PBXFrameworksBuildPhase;
			buildActionMask = 2147483647;
			files = (
			);
			runOnlyForDeploymentPostprocessing = 0;
		};
		00B955992C0793FB00D108D7 /* Frameworks */ = {
			isa = PBXFrameworksBuildPhase;
			buildActionMask = 2147483647;
			files = (
			);
			runOnlyForDeploymentPostprocessing = 0;
		};
/* End PBXFrameworksBuildPhase section */

/* Begin PBXGroup section */
		00B955792C0793F900D108D7 = {
			isa = PBXGroup;
			children = (
				00B955842C0793F900D108D7 /* fetch-ios-application */,
				00B955952C0793FB00D108D7 /* fetch-ios-applicationTests */,
				00B9559F2C0793FB00D108D7 /* fetch-ios-applicationUITests */,
				00B955832C0793F900D108D7 /* Products */,
			);
			sourceTree = "<group>";
		};
		00B955832C0793F900D108D7 /* Products */ = {
			isa = PBXGroup;
			children = (
				00B955822C0793F900D108D7 /* fetch-ios-application.app */,
				00B955922C0793FB00D108D7 /* fetch-ios-applicationTests.xctest */,
				00B9559C2C0793FB00D108D7 /* fetch-ios-applicationUITests.xctest */,
			);
			name = Products;
			sourceTree = "<group>";
		};
		00B955842C0793F900D108D7 /* fetch-ios-application */ = {
			isa = PBXGroup;
			children = (
				00B955BA2C0797CF00D108D7 /* Model */,
				00B5F1FD2C07B13700BA7D13 /* ListView.swift */,
				00B5F1FB2C07A57200BA7D13 /* DetailView.swift */,
				00B955852C0793F900D108D7 /* fetch_ios_applicationApp.swift */,
				00B955872C0793F900D108D7 /* ContentView.swift */,
				00B955892C0793FB00D108D7 /* Assets.xcassets */,
				00B9558B2C0793FB00D108D7 /* Preview Content */,
			);
			path = "fetch-ios-application";
			sourceTree = "<group>";
		};
		00B9558B2C0793FB00D108D7 /* Preview Content */ = {
			isa = PBXGroup;
			children = (
				00B9558C2C0793FB00D108D7 /* Preview Assets.xcassets */,
			);
			path = "Preview Content";
			sourceTree = "<group>";
		};
		00B955952C0793FB00D108D7 /* fetch-ios-applicationTests */ = {
			isa = PBXGroup;
			children = (
				00B955962C0793FB00D108D7 /* fetch_ios_applicationTests.swift */,
			);
			path = "fetch-ios-applicationTests";
			sourceTree = "<group>";
		};
		00B9559F2C0793FB00D108D7 /* fetch-ios-applicationUITests */ = {
			isa = PBXGroup;
			children = (
				00B955A02C0793FB00D108D7 /* fetch_ios_applicationUITests.swift */,
				00B955A22C0793FB00D108D7 /* fetch_ios_applicationUITestsLaunchTests.swift */,
			);
			path = "fetch-ios-applicationUITests";
			sourceTree = "<group>";
		};
		00B955BA2C0797CF00D108D7 /* Model */ = {
			isa = PBXGroup;
			children = (
				00B955B82C07974E00D108D7 /* MealDBAPI.swift */,
				00B955B62C07970F00D108D7 /* Meal.swift */,
				00B5F1F72C07A20400BA7D13 /* MealListResponse.swift */,
			);
			path = Model;
			sourceTree = "<group>";
		};
/* End PBXGroup section */

/* Begin PBXNativeTarget section */
		00B955812C0793F900D108D7 /* fetch-ios-application */ = {
			isa = PBXNativeTarget;
			buildConfigurationList = 00B955A62C0793FB00D108D7 /* Build configuration list for PBXNativeTarget "fetch-ios-application" */;
			buildPhases = (
				00B9557E2C0793F900D108D7 /* Sources */,
				00B9557F2C0793F900D108D7 /* Frameworks */,
				00B955802C0793F900D108D7 /* Resources */,
			);
			buildRules = (
			);
			dependencies = (
			);
			name = "fetch-ios-application";
			productName = "fetch-ios-application";
			productReference = 00B955822C0793F900D108D7 /* fetch-ios-application.app */;
			productType = "com.apple.product-type.application";
		};
		00B955912C0793FB00D108D7 /* fetch-ios-applicationTests */ = {
			isa = PBXNativeTarget;
			buildConfigurationList = 00B955A92C0793FB00D108D7 /* Build configuration list for PBXNativeTarget "fetch-ios-applicationTests" */;
			buildPhases = (
				00B9558E2C0793FB00D108D7 /* Sources */,
				00B9558F2C0793FB00D108D7 /* Frameworks */,
				00B955902C0793FB00D108D7 /* Resources */,
			);
			buildRules = (
			);
			dependencies = (
				00B955942C0793FB00D108D7 /* PBXTargetDependency */,
			);
			name = "fetch-ios-applicationTests";
			productName = "fetch-ios-applicationTests";
			productReference = 00B955922C0793FB00D108D7 /* fetch-ios-applicationTests.xctest */;
			productType = "com.apple.product-type.bundle.unit-test";
		};
		00B9559B2C0793FB00D108D7 /* fetch-ios-applicationUITests */ = {
			isa = PBXNativeTarget;
			buildConfigurationList = 00B955AC2C0793FB00D108D7 /* Build configuration list for PBXNativeTarget "fetch-ios-applicationUITests" */;
			buildPhases = (
				00B955982C0793FB00D108D7 /* Sources */,
				00B955992C0793FB00D108D7 /* Frameworks */,
				00B9559A2C0793FB00D108D7 /* Resources */,
			);
			buildRules = (
			);
			dependencies = (
				00B9559E2C0793FB00D108D7 /* PBXTargetDependency */,
			);
			name = "fetch-ios-applicationUITests";
			productName = "fetch-ios-applicationUITests";
			productReference = 00B9559C2C0793FB00D108D7 /* fetch-ios-applicationUITests.xctest */;
			productType = "com.apple.product-type.bundle.ui-testing";
		};
/* End PBXNativeTarget section */

/* Begin PBXProject section */
		00B9557A2C0793F900D108D7 /* Project object */ = {
			isa = PBXProject;
			attributes = {
				BuildIndependentTargetsInParallel = 1;
				LastSwiftUpdateCheck = 1540;
				LastUpgradeCheck = 1540;
				TargetAttributes = {
					00B955812C0793F900D108D7 = {
						CreatedOnToolsVersion = 15.4;
					};
					00B955912C0793FB00D108D7 = {
						CreatedOnToolsVersion = 15.4;
						TestTargetID = 00B955812C0793F900D108D7;
					};
					00B9559B2C0793FB00D108D7 = {
						CreatedOnToolsVersion = 15.4;
						TestTargetID = 00B955812C0793F900D108D7;
					};
				};
			};
			buildConfigurationList = 00B9557D2C0793F900D108D7 /* Build configuration list for PBXProject "fetch-ios-application" */;
			compatibilityVersion = "Xcode 14.0";
			developmentRegion = en;
			hasScannedForEncodings = 0;
			knownRegions = (
				en,
				Base,
			);
			mainGroup = 00B955792C0793F900D108D7;
			productRefGroup = 00B955832C0793F900D108D7 /* Products */;
			projectDirPath = "";
			projectRoot = "";
			targets = (
				00B955812C0793F900D108D7 /* fetch-ios-application */,
				00B955912C0793FB00D108D7 /* fetch-ios-applicationTests */,
				00B9559B2C0793FB00D108D7 /* fetch-ios-applicationUITests */,
			);
		};
/* End PBXProject section */

/* Begin PBXResourcesBuildPhase section */
		00B955802C0793F900D108D7 /* Resources */ = {
			isa = PBXResourcesBuildPhase;
			buildActionMask = 2147483647;
			files = (
				00B9558D2C0793FB00D108D7 /* Preview Assets.xcassets in Resources */,
				00B9558A2C0793FB00D108D7 /* Assets.xcassets in Resources */,
			);
			runOnlyForDeploymentPostprocessing = 0;
		};
		00B955902C0793FB00D108D7 /* Resources */ = {
			isa = PBXResourcesBuildPhase;
			buildActionMask = 2147483647;
			files = (
			);
			runOnlyForDeploymentPostprocessing = 0;
		};
		00B9559A2C0793FB00D108D7 /* Resources */ = {
			isa = PBXResourcesBuildPhase;
			buildActionMask = 2147483647;
			files = (
			);
			runOnlyForDeploymentPostprocessing = 0;
		};
/* End PBXResourcesBuildPhase section */

/* Begin PBXSourcesBuildPhase section */
		00B9557E2C0793F900D108D7 /* Sources */ = {
			isa = PBXSourcesBuildPhase;
			buildActionMask = 2147483647;
			files = (
				00B955882C0793F900D108D7 /* ContentView.swift in Sources */,
				00B5F1FC2C07A57200BA7D13 /* DetailView.swift in Sources */,
				00B5F1FE2C07B13700BA7D13 /* ListView.swift in Sources */,
				00B955B92C07974E00D108D7 /* MealDBAPI.swift in Sources */,
				00B5F1F82C07A20400BA7D13 /* MealListResponse.swift in Sources */,
				00B955862C0793F900D108D7 /* fetch_ios_applicationApp.swift in Sources */,
				00B955B72C07970F00D108D7 /* Meal.swift in Sources */,
			);
			runOnlyForDeploymentPostprocessing = 0;
		};
		00B9558E2C0793FB00D108D7 /* Sources */ = {
			isa = PBXSourcesBuildPhase;
			buildActionMask = 2147483647;
			files = (
				00B955972C0793FB00D108D7 /* fetch_ios_applicationTests.swift in Sources */,
			);
			runOnlyForDeploymentPostprocessing = 0;
		};
		00B955982C0793FB00D108D7 /* Sources */ = {
			isa = PBXSourcesBuildPhase;
			buildActionMask = 2147483647;
			files = (
				00B955A32C0793FB00D108D7 /* fetch_ios_applicationUITestsLaunchTests.swift in Sources */,
				00B955A12C0793FB00D108D7 /* fetch_ios_applicationUITests.swift in Sources */,
			);
			runOnlyForDeploymentPostprocessing = 0;
		};
/* End PBXSourcesBuildPhase section */

/* Begin PBXTargetDependency section */
		00B955942C0793FB00D108D7 /* PBXTargetDependency */ = {
			isa = PBXTargetDependency;
			target = 00B955812C0793F900D108D7 /* fetch-ios-application */;
			targetProxy = 00B955932C0793FB00D108D7 /* PBXContainerItemProxy */;
		};
		00B9559E2C0793FB00D108D7 /* PBXTargetDependency */ = {
			isa = PBXTargetDependency;
			target = 00B955812C0793F900D108D7 /* fetch-ios-application */;
			targetProxy = 00B9559D2C0793FB00D108D7 /* PBXContainerItemProxy */;
		};
/* End PBXTargetDependency section */

/* Begin XCBuildConfiguration section */
		00B955A42C0793FB00D108D7 /* Debug */ = {
			isa = XCBuildConfiguration;
			buildSettings = {
				ALWAYS_SEARCH_USER_PATHS = NO;
				ASSETCATALOG_COMPILER_GENERATE_SWIFT_ASSET_SYMBOL_EXTENSIONS = YES;
				CLANG_ANALYZER_NONNULL = YES;
				CLANG_ANALYZER_NUMBER_OBJECT_CONVERSION = YES_AGGRESSIVE;
				CLANG_CXX_LANGUAGE_STANDARD = "gnu++20";
				CLANG_ENABLE_MODULES = YES;
				CLANG_ENABLE_OBJC_ARC = YES;
				CLANG_ENABLE_OBJC_WEAK = YES;
				CLANG_WARN_BLOCK_CAPTURE_AUTORELEASING = YES;
				CLANG_WARN_BOOL_CONVERSION = YES;
				CLANG_WARN_COMMA = YES;
				CLANG_WARN_CONSTANT_CONVERSION = YES;
				CLANG_WARN_DEPRECATED_OBJC_IMPLEMENTATIONS = YES;
				CLANG_WARN_DIRECT_OBJC_ISA_USAGE = YES_ERROR;
				CLANG_WARN_DOCUMENTATION_COMMENTS = YES;
				CLANG_WARN_EMPTY_BODY = YES;
				CLANG_WARN_ENUM_CONVERSION = YES;
				CLANG_WARN_INFINITE_RECURSION = YES;
				CLANG_WARN_INT_CONVERSION = YES;
				CLANG_WARN_NON_LITERAL_NULL_CONVERSION = YES;
				CLANG_WARN_OBJC_IMPLICIT_RETAIN_SELF = YES;
				CLANG_WARN_OBJC_LITERAL_CONVERSION = YES;
				CLANG_WARN_OBJC_ROOT_CLASS = YES_ERROR;
				CLANG_WARN_QUOTED_INCLUDE_IN_FRAMEWORK_HEADER = YES;
				CLANG_WARN_RANGE_LOOP_ANALYSIS = YES;
				CLANG_WARN_STRICT_PROTOTYPES = YES;
				CLANG_WARN_SUSPICIOUS_MOVE = YES;
				CLANG_WARN_UNGUARDED_AVAILABILITY = YES_AGGRESSIVE;
				CLANG_WARN_UNREACHABLE_CODE = YES;
				CLANG_WARN__DUPLICATE_METHOD_MATCH = YES;
				COPY_PHASE_STRIP = NO;
				DEBUG_INFORMATION_FORMAT = dwarf;
				ENABLE_STRICT_OBJC_MSGSEND = YES;
				ENABLE_TESTABILITY = YES;
				ENABLE_USER_SCRIPT_SANDBOXING = YES;
				GCC_C_LANGUAGE_STANDARD = gnu17;
				GCC_DYNAMIC_NO_PIC = NO;
				GCC_NO_COMMON_BLOCKS = YES;
				GCC_OPTIMIZATION_LEVEL = 0;
				GCC_PREPROCESSOR_DEFINITIONS = (
					"DEBUG=1",
					"$(inherited)",
				);
				GCC_WARN_64_TO_32_BIT_CONVERSION = YES;
				GCC_WARN_ABOUT_RETURN_TYPE = YES_ERROR;
				GCC_WARN_UNDECLARED_SELECTOR = YES;
				GCC_WARN_UNINITIALIZED_AUTOS = YES_AGGRESSIVE;
				GCC_WARN_UNUSED_FUNCTION = YES;
				GCC_WARN_UNUSED_VARIABLE = YES;
				IPHONEOS_DEPLOYMENT_TARGET = 17.5;
				LOCALIZATION_PREFERS_STRING_CATALOGS = YES;
				MTL_ENABLE_DEBUG_INFO = INCLUDE_SOURCE;
				MTL_FAST_MATH = YES;
				ONLY_ACTIVE_ARCH = YES;
				SDKROOT = iphoneos;
				SWIFT_ACTIVE_COMPILATION_CONDITIONS = "DEBUG $(inherited)";
				SWIFT_OPTIMIZATION_LEVEL = "-Onone";
			};
			name = Debug;
		};
		00B955A52C0793FB00D108D7 /* Release */ = {
			isa = XCBuildConfiguration;
			buildSettings = {
				ALWAYS_SEARCH_USER_PATHS = NO;
				ASSETCATALOG_COMPILER_GENERATE_SWIFT_ASSET_SYMBOL_EXTENSIONS = YES;
				CLANG_ANALYZER_NONNULL = YES;
				CLANG_ANALYZER_NUMBER_OBJECT_CONVERSION = YES_AGGRESSIVE;
				CLANG_CXX_LANGUAGE_STANDARD = "gnu++20";
				CLANG_ENABLE_MODULES = YES;
				CLANG_ENABLE_OBJC_ARC = YES;
				CLANG_ENABLE_OBJC_WEAK = YES;
				CLANG_WARN_BLOCK_CAPTURE_AUTORELEASING = YES;
				CLANG_WARN_BOOL_CONVERSION = YES;
				CLANG_WARN_COMMA = YES;
				CLANG_WARN_CONSTANT_CONVERSION = YES;
				CLANG_WARN_DEPRECATED_OBJC_IMPLEMENTATIONS = YES;
				CLANG_WARN_DIRECT_OBJC_ISA_USAGE = YES_ERROR;
				CLANG_WARN_DOCUMENTATION_COMMENTS = YES;
				CLANG_WARN_EMPTY_BODY = YES;
				CLANG_WARN_ENUM_CONVERSION = YES;
				CLANG_WARN_INFINITE_RECURSION = YES;
				CLANG_WARN_INT_CONVERSION = YES;
				CLANG_WARN_NON_LITERAL_NULL_CONVERSION = YES;
				CLANG_WARN_OBJC_IMPLICIT_RETAIN_SELF = YES;
				CLANG_WARN_OBJC_LITERAL_CONVERSION = YES;
				CLANG_WARN_OBJC_ROOT_CLASS = YES_ERROR;
				CLANG_WARN_QUOTED_INCLUDE_IN_FRAMEWORK_HEADER = YES;
				CLANG_WARN_RANGE_LOOP_ANALYSIS = YES;
				CLANG_WARN_STRICT_PROTOTYPES = YES;
				CLANG_WARN_SUSPICIOUS_MOVE = YES;
				CLANG_WARN_UNGUARDED_AVAILABILITY = YES_AGGRESSIVE;
				CLANG_WARN_UNREACHABLE_CODE = YES;
				CLANG_WARN__DUPLICATE_METHOD_MATCH = YES;
				COPY_PHASE_STRIP = NO;
				DEBUG_INFORMATION_FORMAT = "dwarf-with-dsym";
				ENABLE_NS_ASSERTIONS = NO;
				ENABLE_STRICT_OBJC_MSGSEND = YES;
				ENABLE_USER_SCRIPT_SANDBOXING = YES;
				GCC_C_LANGUAGE_STANDARD = gnu17;
				GCC_NO_COMMON_BLOCKS = YES;
				GCC_WARN_64_TO_32_BIT_CONVERSION = YES;
				GCC_WARN_ABOUT_RETURN_TYPE = YES_ERROR;
				GCC_WARN_UNDECLARED_SELECTOR = YES;
				GCC_WARN_UNINITIALIZED_AUTOS = YES_AGGRESSIVE;
				GCC_WARN_UNUSED_FUNCTION = YES;
				GCC_WARN_UNUSED_VARIABLE = YES;
				IPHONEOS_DEPLOYMENT_TARGET = 17.5;
				LOCALIZATION_PREFERS_STRING_CATALOGS = YES;
				MTL_ENABLE_DEBUG_INFO = NO;
				MTL_FAST_MATH = YES;
				SDKROOT = iphoneos;
				SWIFT_COMPILATION_MODE = wholemodule;
				VALIDATE_PRODUCT = YES;
			};
			name = Release;
		};
		00B955A72C0793FB00D108D7 /* Debug */ = {
			isa = XCBuildConfiguration;
			buildSettings = {
				ASSETCATALOG_COMPILER_APPICON_NAME = AppIcon;
				ASSETCATALOG_COMPILER_GLOBAL_ACCENT_COLOR_NAME = AccentColor;
				CODE_SIGN_STYLE = Automatic;
				CURRENT_PROJECT_VERSION = 1;
				DEVELOPMENT_ASSET_PATHS = "\"fetch-ios-application/Preview Content\"";
				ENABLE_PREVIEWS = YES;
				GENERATE_INFOPLIST_FILE = YES;
				INFOPLIST_KEY_UIApplicationSceneManifest_Generation = YES;
				INFOPLIST_KEY_UIApplicationSupportsIndirectInputEvents = YES;
				INFOPLIST_KEY_UILaunchScreen_Generation = YES;
				INFOPLIST_KEY_UISupportedInterfaceOrientations_iPad = "UIInterfaceOrientationPortrait UIInterfaceOrientationPortraitUpsideDown UIInterfaceOrientationLandscapeLeft UIInterfaceOrientationLandscapeRight";
				INFOPLIST_KEY_UISupportedInterfaceOrientations_iPhone = "UIInterfaceOrientationPortrait UIInterfaceOrientationLandscapeLeft UIInterfaceOrientationLandscapeRight";
				IPHONEOS_DEPLOYMENT_TARGET = 15.0;
				LD_RUNPATH_SEARCH_PATHS = (
					"$(inherited)",
					"@executable_path/Frameworks",
				);
				MARKETING_VERSION = 1.0;
				PRODUCT_BUNDLE_IDENTIFIER = "ahir-aniket.fetch-ios-application";
				PRODUCT_NAME = "$(TARGET_NAME)";
				SWIFT_EMIT_LOC_STRINGS = YES;
				SWIFT_VERSION = 5.0;
				TARGETED_DEVICE_FAMILY = "1,2";
			};
			name = Debug;
		};
		00B955A82C0793FB00D108D7 /* Release */ = {
			isa = XCBuildConfiguration;
			buildSettings = {
				ASSETCATALOG_COMPILER_APPICON_NAME = AppIcon;
				ASSETCATALOG_COMPILER_GLOBAL_ACCENT_COLOR_NAME = AccentColor;
				CODE_SIGN_STYLE = Automatic;
				CURRENT_PROJECT_VERSION = 1;
				DEVELOPMENT_ASSET_PATHS = "\"fetch-ios-application/Preview Content\"";
				ENABLE_PREVIEWS = YES;
				GENERATE_INFOPLIST_FILE = YES;
				INFOPLIST_KEY_UIApplicationSceneManifest_Generation = YES;
				INFOPLIST_KEY_UIApplicationSupportsIndirectInputEvents = YES;
				INFOPLIST_KEY_UILaunchScreen_Generation = YES;
				INFOPLIST_KEY_UISupportedInterfaceOrientations_iPad = "UIInterfaceOrientationPortrait UIInterfaceOrientationPortraitUpsideDown UIInterfaceOrientationLandscapeLeft UIInterfaceOrientationLandscapeRight";
				INFOPLIST_KEY_UISupportedInterfaceOrientations_iPhone = "UIInterfaceOrientationPortrait UIInterfaceOrientationLandscapeLeft UIInterfaceOrientationLandscapeRight";
				IPHONEOS_DEPLOYMENT_TARGET = 15.0;
				LD_RUNPATH_SEARCH_PATHS = (
					"$(inherited)",
					"@executable_path/Frameworks",
				);
				MARKETING_VERSION = 1.0;
				PRODUCT_BUNDLE_IDENTIFIER = "ahir-aniket.fetch-ios-application";
				PRODUCT_NAME = "$(TARGET_NAME)";
				SWIFT_EMIT_LOC_STRINGS = YES;
				SWIFT_VERSION = 5.0;
				TARGETED_DEVICE_FAMILY = "1,2";
			};
			name = Release;
		};
		00B955AA2C0793FB00D108D7 /* Debug */ = {
			isa = XCBuildConfiguration;
			buildSettings = {
				ALWAYS_EMBED_SWIFT_STANDARD_LIBRARIES = YES;
				BUNDLE_LOADER = "$(TEST_HOST)";
				CODE_SIGN_STYLE = Automatic;
				CURRENT_PROJECT_VERSION = 1;
				GENERATE_INFOPLIST_FILE = YES;
				IPHONEOS_DEPLOYMENT_TARGET = 17.5;
				MARKETING_VERSION = 1.0;
				PRODUCT_BUNDLE_IDENTIFIER = "ahir-aniket.fetch-ios-applicationTests";
				PRODUCT_NAME = "$(TARGET_NAME)";
				SWIFT_EMIT_LOC_STRINGS = NO;
				SWIFT_VERSION = 5.0;
				TARGETED_DEVICE_FAMILY = "1,2";
				TEST_HOST = "$(BUILT_PRODUCTS_DIR)/fetch-ios-application.app/$(BUNDLE_EXECUTABLE_FOLDER_PATH)/fetch-ios-application";
			};
			name = Debug;
		};
		00B955AB2C0793FB00D108D7 /* Release */ = {
			isa = XCBuildConfiguration;
			buildSettings = {
				ALWAYS_EMBED_SWIFT_STANDARD_LIBRARIES = YES;
				BUNDLE_LOADER = "$(TEST_HOST)";
				CODE_SIGN_STYLE = Automatic;
				CURRENT_PROJECT_VERSION = 1;
				GENERATE_INFOPLIST_FILE = YES;
				IPHONEOS_DEPLOYMENT_TARGET = 17.5;
				MARKETING_VERSION = 1.0;
				PRODUCT_BUNDLE_IDENTIFIER = "ahir-aniket.fetch-ios-applicationTests";
				PRODUCT_NAME = "$(TARGET_NAME)";
				SWIFT_EMIT_LOC_STRINGS = NO;
				SWIFT_VERSION = 5.0;
				TARGETED_DEVICE_FAMILY = "1,2";
				TEST_HOST = "$(BUILT_PRODUCTS_DIR)/fetch-ios-application.app/$(BUNDLE_EXECUTABLE_FOLDER_PATH)/fetch-ios-application";
			};
			name = Release;
		};
		00B955AD2C0793FB00D108D7 /* Debug */ = {
			isa = XCBuildConfiguration;
			buildSettings = {
				ALWAYS_EMBED_SWIFT_STANDARD_LIBRARIES = YES;
				CODE_SIGN_STYLE = Automatic;
				CURRENT_PROJECT_VERSION = 1;
				GENERATE_INFOPLIST_FILE = YES;
				MARKETING_VERSION = 1.0;
				PRODUCT_BUNDLE_IDENTIFIER = "ahir-aniket.fetch-ios-applicationUITests";
				PRODUCT_NAME = "$(TARGET_NAME)";
				SWIFT_EMIT_LOC_STRINGS = NO;
				SWIFT_VERSION = 5.0;
				TARGETED_DEVICE_FAMILY = "1,2";
				TEST_TARGET_NAME = "fetch-ios-application";
			};
			name = Debug;
		};
		00B955AE2C0793FB00D108D7 /* Release */ = {
			isa = XCBuildConfiguration;
			buildSettings = {
				ALWAYS_EMBED_SWIFT_STANDARD_LIBRARIES = YES;
				CODE_SIGN_STYLE = Automatic;
				CURRENT_PROJECT_VERSION = 1;
				GENERATE_INFOPLIST_FILE = YES;
				MARKETING_VERSION = 1.0;
				PRODUCT_BUNDLE_IDENTIFIER = "ahir-aniket.fetch-ios-applicationUITests";
				PRODUCT_NAME = "$(TARGET_NAME)";
				SWIFT_EMIT_LOC_STRINGS = NO;
				SWIFT_VERSION = 5.0;
				TARGETED_DEVICE_FAMILY = "1,2";
				TEST_TARGET_NAME = "fetch-ios-application";
			};
			name = Release;
		};
/* End XCBuildConfiguration section */

/* Begin XCConfigurationList section */
		00B9557D2C0793F900D108D7 /* Build configuration list for PBXProject "fetch-ios-application" */ = {
			isa = XCConfigurationList;
			buildConfigurations = (
				00B955A42C0793FB00D108D7 /* Debug */,
				00B955A52C0793FB00D108D7 /* Release */,
			);
			defaultConfigurationIsVisible = 0;
			defaultConfigurationName = Release;
		};
		00B955A62C0793FB00D108D7 /* Build configuration list for PBXNativeTarget "fetch-ios-application" */ = {
			isa = XCConfigurationList;
			buildConfigurations = (
				00B955A72C0793FB00D108D7 /* Debug */,
				00B955A82C0793FB00D108D7 /* Release */,
			);
			defaultConfigurationIsVisible = 0;
			defaultConfigurationName = Release;
		};
		00B955A92C0793FB00D108D7 /* Build configuration list for PBXNativeTarget "fetch-ios-applicationTests" */ = {
			isa = XCConfigurationList;
			buildConfigurations = (
				00B955AA2C0793FB00D108D7 /* Debug */,
				00B955AB2C0793FB00D108D7 /* Release */,
			);
			defaultConfigurationIsVisible = 0;
			defaultConfigurationName = Release;
		};
		00B955AC2C0793FB00D108D7 /* Build configuration list for PBXNativeTarget "fetch-ios-applicationUITests" */ = {
			isa = XCConfigurationList;
			buildConfigurations = (
				00B955AD2C0793FB00D108D7 /* Debug */,
				00B955AE2C0793FB00D108D7 /* Release */,
			);
			defaultConfigurationIsVisible = 0;
			defaultConfigurationName = Release;
		};
/* End XCConfigurationList section */
	};
	rootObject = 00B9557A2C0793F900D108D7 /* Project object */;
}
